
Microsoft Visual Studio Solution File, Format Version 12.00
# Visual Studio Version 17
VisualStudioVersion = 17.10.35013.160
MinimumVisualStudioVersion = 10.0.40219.1
Project("{9A19103F-16F7-4668-BE54-9A1E7A4F7556}") = "Stepper", "Stepper\Stepper.csproj", "{2A60BD04-A771-40D2-9FF7-CDDF46C05CEC}"
EndProject
Project("{FAE04EC0-301F-11D3-BF4B-00C04F79EFBC}") = "MaterialDesignSteppers", "MaterialDesignSteppers\MaterialDesignSteppers.csproj", "{6129DFF4-55BA-4EC6-9394-3484FEDB4F16}"
EndProject
Global
	GlobalSection(SolutionConfigurationPlatforms) = preSolution
		Debug|Any CPU = Debug|Any CPU
		Release|Any CPU = Release|Any CPU
	EndGlobalSection
	GlobalSection(ProjectConfigurationPlatforms) = postSolution
		{2A60BD04-A771-40D2-9FF7-CDDF46C05CEC}.Debug|Any CPU.ActiveCfg = Debug|Any CPU
		{2A60BD04-A771-40D2-9FF7-CDDF46C05CEC}.Debug|Any CPU.Build.0 = Debug|Any CPU
		{2A60BD04-A771-40D2-9FF7-CDDF46C05CEC}.Release|Any CPU.ActiveCfg = Release|Any CPU
		{2A60BD04-A771-40D2-9FF7-CDDF46C05CEC}.Release|Any CPU.Build.0 = Release|Any CPU
		{6129DFF4-55BA-4EC6-9394-3484FEDB4F16}.Debug|Any CPU.ActiveCfg = Debug|Any CPU
		{6129DFF4-55BA-4EC6-9394-3484FEDB4F16}.Debug|Any CPU.Build.0 = Debug|Any CPU
		{6129DFF4-55BA-4EC6-9394-3484FEDB4F16}.Release|Any CPU.ActiveCfg = Release|Any CPU
		{6129DFF4-55BA-4EC6-9394-3484FEDB4F16}.Release|Any CPU.Build.0 = Release|Any CPU
	EndGlobalSection
	GlobalSection(SolutionProperties) = preSolution
		HideSolutionNode = FALSE
	EndGlobalSection
	GlobalSection(ExtensibilityGlobals) = postSolution
		SolutionGuid = {8F475640-CA6D-478F-AD17-AF35AC3E058E}
	EndGlobalSection
EndGlobal
